
Microsoft Visual Studio Solution File, Format Version 12.00
# Visual Studio Version 17
VisualStudioVersion = 17.5.002.0
MinimumVisualStudioVersion = 10.0.40219.1
Project("{9A19103F-16F7-4668-BE54-9A1E7A4F7556}") = "Space-Track", "Space-Track.csproj", "{4748BFC3-AB1C-4878-A7F2-7188C298D164}"
EndProject
Global
	GlobalSection(SolutionConfigurationPlatforms) = preSolution
		Debug|Any CPU = Debug|Any CPU
		Release|Any CPU = Release|Any CPU
	EndGlobalSection
	GlobalSection(ProjectConfigurationPlatforms) = postSolution
		{4748BFC3-AB1C-4878-A7F2-7188C298D164}.Debug|Any CPU.ActiveCfg = Debug|Any CPU
		{4748BFC3-AB1C-4878-A7F2-7188C298D164}.Debug|Any CPU.Build.0 = Debug|Any CPU
		{4748BFC3-AB1C-4878-A7F2-7188C298D164}.Release|Any CPU.ActiveCfg = Release|Any CPU
		{4748BFC3-AB1C-4878-A7F2-7188C298D164}.Release|Any CPU.Build.0 = Release|Any CPU
	EndGlobalSection
	GlobalSection(SolutionProperties) = preSolution
		HideSolutionNode = FALSE
	EndGlobalSection
	GlobalSection(ExtensibilityGlobals) = postSolution
		SolutionGuid = {C4768311-0D02-4648-83DA-59380A7846F7}
	EndGlobalSection
EndGlobal
